
Microsoft Visual Studio Solution File, Format Version 12.00
# Visual Studio Version 17
VisualStudioVersion = 17.12.35707.178
MinimumVisualStudioVersion = 10.0.40219.1
Project("{FAE04EC0-301F-11D3-BF4B-00C04F79EFBC}") = "MuseumTourManagement", "MuseumTourManagement\MuseumTourManagement.csproj", "{09477DCF-C060-409C-AD8D-72A409C11110}"
EndProject
Project("{2150E333-8FDC-42A3-9474-1A3956D46DE8}") = "Solution Items", "Solution Items", "{6D6133AA-872E-461E-BCB4-3DF7FC15B837}"
	ProjectSection(SolutionItems) = preProject
		EarningsForm.cs = EarningsForm.cs
	EndProjectSection
EndProject
Global
	GlobalSection(SolutionConfigurationPlatforms) = preSolution
		Debug|Any CPU = Debug|Any CPU
		Release|Any CPU = Release|Any CPU
	EndGlobalSection
	GlobalSection(ProjectConfigurationPlatforms) = postSolution
		{09477DCF-C060-409C-AD8D-72A409C11110}.Debug|Any CPU.ActiveCfg = Debug|Any CPU
		{09477DCF-C060-409C-AD8D-72A409C11110}.Debug|Any CPU.Build.0 = Debug|Any CPU
		{09477DCF-C060-409C-AD8D-72A409C11110}.Release|Any CPU.ActiveCfg = Release|Any CPU
		{09477DCF-C060-409C-AD8D-72A409C11110}.Release|Any CPU.Build.0 = Release|Any CPU
	EndGlobalSection
	GlobalSection(SolutionProperties) = preSolution
		HideSolutionNode = FALSE
	EndGlobalSection
EndGlobal
